
Microsoft Visual Studio Solution File, Format Version 12.00
# Visual Studio Version 17
VisualStudioVersion = 17.0.31919.166
MinimumVisualStudioVersion = 10.0.40219.1
Project("{9A19103F-16F7-4668-BE54-9A1E7A4F7556}") = "PlannerApplication", "PlannerApplication\PlannerApplication.csproj", "{9AD5BE18-3930-465E-9F8E-8CDF3BEF2830}"
EndProject
Project("{FAE04EC0-301F-11D3-BF4B-00C04F79EFBC}") = "GeoCoordintes", "GeoCoordintes\GeoCoordintes.csproj", "{73F07AE0-58BF-4F4B-BC77-EA491C08535C}"
EndProject
Project("{2150E333-8FDC-42A3-9474-1A3956D46DE8}") = "ReadMe", "ReadMe", "{446E2064-86BB-4099-BAF5-0883C4C81575}"
	ProjectSection(SolutionItems) = preProject
		TextFile1.txt = TextFile1.txt
	EndProjectSection
EndProject
Global
	GlobalSection(SolutionConfigurationPlatforms) = preSolution
		Debug|Any CPU = Debug|Any CPU
		Release|Any CPU = Release|Any CPU
	EndGlobalSection
	GlobalSection(ProjectConfigurationPlatforms) = postSolution
		{9AD5BE18-3930-465E-9F8E-8CDF3BEF2830}.Debug|Any CPU.ActiveCfg = Debug|Any CPU
		{9AD5BE18-3930-465E-9F8E-8CDF3BEF2830}.Debug|Any CPU.Build.0 = Debug|Any CPU
		{9AD5BE18-3930-465E-9F8E-8CDF3BEF2830}.Release|Any CPU.ActiveCfg = Release|Any CPU
		{9AD5BE18-3930-465E-9F8E-8CDF3BEF2830}.Release|Any CPU.Build.0 = Release|Any CPU
		{73F07AE0-58BF-4F4B-BC77-EA491C08535C}.Debug|Any CPU.ActiveCfg = Debug|Any CPU
		{73F07AE0-58BF-4F4B-BC77-EA491C08535C}.Debug|Any CPU.Build.0 = Debug|Any CPU
		{73F07AE0-58BF-4F4B-BC77-EA491C08535C}.Release|Any CPU.ActiveCfg = Release|Any CPU
		{73F07AE0-58BF-4F4B-BC77-EA491C08535C}.Release|Any CPU.Build.0 = Release|Any CPU
	EndGlobalSection
	GlobalSection(SolutionProperties) = preSolution
		HideSolutionNode = FALSE
	EndGlobalSection
	GlobalSection(ExtensibilityGlobals) = postSolution
		SolutionGuid = {BB9BF76C-5423-42AB-982B-77FCFB716259}
	EndGlobalSection
EndGlobal
